PODS:
  - Flutter (1.0.0)
  - flutter_speech (0.0.1):
    - Flutter

DEPENDENCIES:
  - Flutter (from `/Users/fabio/Documents/flutter/bin/cache/artifacts/engine/ios`)
  - flutter_speech (from `/Users/fabio/Documents/Flutter Projects/flutter_speech_recognition/ios`)

EXTERNAL SOURCES:
  Flutter:
    :path: "/Users/fabio/Documents/flutter/bin/cache/artifacts/engine/ios"
  flutter_speech:
    :path: "/Users/fabio/Documents/Flutter Projects/flutter_speech_recognition/ios"

SPEC CHECKSUMS:
  Flutter: 0e3d915762c693b495b44d77113d4970485de6ec
  flutter_speech: dfa314b1f47e8e680a029c3705b3de22ddfceaf1

PODFILE CHECKSUM: 664ab11712d2619cb419ad8b5805f475ae697ead

COCOAPODS: 1.9.3
